
Microsoft Visual Studio Solution File, Format Version 12.00
# Visual Studio 15
VisualStudioVersion = 15.0.26730.16
MinimumVisualStudioVersion = 10.0.40219.1
Project("{FAE04EC0-301F-11D3-BF4B-00C04F79EFBC}") = "01. Anonymous Downsite", "01. Anonymous Downsite\01. Anonymous Downsite.csproj", "{E10FF1C2-2647-4FE2-909D-66EE1380D862}"
EndProject
Project("{FAE04EC0-301F-11D3-BF4B-00C04F79EFBC}") = "02. Anonymous Threat", "02. Anonymous Threat\02. Anonymous Threat.csproj", "{DE752FD9-41C2-4F01-A1D1-A25391418FB9}"
EndProject
Project("{FAE04EC0-301F-11D3-BF4B-00C04F79EFBC}") = "03. Anonymous Vox", "03. Anonymous Vox\03. Anonymous Vox.csproj", "{1AF23F13-EF8F-4953-8F8D-2C9571CB36BB}"
EndProject
Project("{FAE04EC0-301F-11D3-BF4B-00C04F79EFBC}") = "04. Anonymous Cache", "04. Anonymous Cache\04. Anonymous Cache.csproj", "{FB03CEBB-7093-4360-97F0-A15668F000FD}"
EndProject
Global
	GlobalSection(SolutionConfigurationPlatforms) = preSolution
		Debug|Any CPU = Debug|Any CPU
		Release|Any CPU = Release|Any CPU
	EndGlobalSection
	GlobalSection(ProjectConfigurationPlatforms) = postSolution
		{E10FF1C2-2647-4FE2-909D-66EE1380D862}.Debug|Any CPU.ActiveCfg = Debug|Any CPU
		{E10FF1C2-2647-4FE2-909D-66EE1380D862}.Debug|Any CPU.Build.0 = Debug|Any CPU
		{E10FF1C2-2647-4FE2-909D-66EE1380D862}.Release|Any CPU.ActiveCfg = Release|Any CPU
		{E10FF1C2-2647-4FE2-909D-66EE1380D862}.Release|Any CPU.Build.0 = Release|Any CPU
		{DE752FD9-41C2-4F01-A1D1-A25391418FB9}.Debug|Any CPU.ActiveCfg = Debug|Any CPU
		{DE752FD9-41C2-4F01-A1D1-A25391418FB9}.Debug|Any CPU.Build.0 = Debug|Any CPU
		{DE752FD9-41C2-4F01-A1D1-A25391418FB9}.Release|Any CPU.ActiveCfg = Release|Any CPU
		{DE752FD9-41C2-4F01-A1D1-A25391418FB9}.Release|Any CPU.Build.0 = Release|Any CPU
		{1AF23F13-EF8F-4953-8F8D-2C9571CB36BB}.Debug|Any CPU.ActiveCfg = Debug|Any CPU
		{1AF23F13-EF8F-4953-8F8D-2C9571CB36BB}.Debug|Any CPU.Build.0 = Debug|Any CPU
		{1AF23F13-EF8F-4953-8F8D-2C9571CB36BB}.Release|Any CPU.ActiveCfg = Release|Any CPU
		{1AF23F13-EF8F-4953-8F8D-2C9571CB36BB}.Release|Any CPU.Build.0 = Release|Any CPU
		{FB03CEBB-7093-4360-97F0-A15668F000FD}.Debug|Any CPU.ActiveCfg = Debug|Any CPU
		{FB03CEBB-7093-4360-97F0-A15668F000FD}.Debug|Any CPU.Build.0 = Debug|Any CPU
		{FB03CEBB-7093-4360-97F0-A15668F000FD}.Release|Any CPU.ActiveCfg = Release|Any CPU
		{FB03CEBB-7093-4360-97F0-A15668F000FD}.Release|Any CPU.Build.0 = Release|Any CPU
	EndGlobalSection
	GlobalSection(SolutionProperties) = preSolution
		HideSolutionNode = FALSE
	EndGlobalSection
	GlobalSection(ExtensibilityGlobals) = postSolution
		SolutionGuid = {144082DC-8D27-452E-A278-813C0297A759}
	EndGlobalSection
EndGlobal
