
Microsoft Visual Studio Solution File, Format Version 12.00
# Visual Studio 15
VisualStudioVersion = 15.0.26730.15
MinimumVisualStudioVersion = 10.0.40219.1
Project("{FAE04EC0-301F-11D3-BF4B-00C04F79EFBC}") = "1st", "Conditional Statements and Loops  Lab\1st.csproj", "{9E9BD7D5-197A-4E66-B778-04C4043D05F4}"
EndProject
Project("{FAE04EC0-301F-11D3-BF4B-00C04F79EFBC}") = "2nd", "2nd\2nd.csproj", "{5A19128C-58D0-494D-8AB6-5C42AB97A5EF}"
EndProject
Project("{FAE04EC0-301F-11D3-BF4B-00C04F79EFBC}") = "3th", "3th\3th.csproj", "{2F560329-09AA-409D-BD55-5877E6E7EB87}"
EndProject
Project("{FAE04EC0-301F-11D3-BF4B-00C04F79EFBC}") = "15th", "15th\15th.csproj", "{0D06B012-8C98-4294-8A5A-A298E72ED745}"
EndProject
Project("{FAE04EC0-301F-11D3-BF4B-00C04F79EFBC}") = "14th", "14th\14th.csproj", "{C73792A3-8466-4328-96A2-33FC8F2E7BAA}"
EndProject
Project("{FAE04EC0-301F-11D3-BF4B-00C04F79EFBC}") = "13th", "13th\13th.csproj", "{99F25B83-AABA-4DE5-995F-1DDE03F12E1C}"
EndProject
Project("{FAE04EC0-301F-11D3-BF4B-00C04F79EFBC}") = "12th", "12\12th.csproj", "{A6342F1B-72D9-42E5-949B-83CEE26A53F2}"
EndProject
Project("{FAE04EC0-301F-11D3-BF4B-00C04F79EFBC}") = "11th", "11th\11th.csproj", "{6D4373F0-F47C-43AB-8E23-AB8987B66A30}"
EndProject
Project("{FAE04EC0-301F-11D3-BF4B-00C04F79EFBC}") = "10th", "10th\10th.csproj", "{A4E5217B-7344-43BB-AF0A-2D49225662BF}"
EndProject
Project("{FAE04EC0-301F-11D3-BF4B-00C04F79EFBC}") = "9th", "9th\9th.csproj", "{CB28F321-E594-4D4B-B135-E647E2DF4B54}"
EndProject
Project("{FAE04EC0-301F-11D3-BF4B-00C04F79EFBC}") = "8th", "8th\8th.csproj", "{2BB1B0DD-EBF1-49E6-A3A1-688F9552BB24}"
EndProject
Project("{FAE04EC0-301F-11D3-BF4B-00C04F79EFBC}") = "7th", "7th\7th.csproj", "{10E0D6FD-5F3F-456A-9924-873CD7B454F3}"
EndProject
Project("{FAE04EC0-301F-11D3-BF4B-00C04F79EFBC}") = "6th", "6th\6th.csproj", "{9A07A119-9065-40CF-ACBD-C696F57716A5}"
EndProject
Project("{FAE04EC0-301F-11D3-BF4B-00C04F79EFBC}") = "5th", "5th\5th.csproj", "{3B47DD6F-1C35-497F-A4B5-0431C7272511}"
EndProject
Project("{FAE04EC0-301F-11D3-BF4B-00C04F79EFBC}") = "4th", "4th\4th.csproj", "{DD682ECC-8C6A-44D6-A6BA-D55834A23708}"
EndProject
Global
	GlobalSection(SolutionConfigurationPlatforms) = preSolution
		Debug|Any CPU = Debug|Any CPU
		Release|Any CPU = Release|Any CPU
	EndGlobalSection
	GlobalSection(ProjectConfigurationPlatforms) = postSolution
		{9E9BD7D5-197A-4E66-B778-04C4043D05F4}.Debug|Any CPU.ActiveCfg = Debug|Any CPU
		{9E9BD7D5-197A-4E66-B778-04C4043D05F4}.Debug|Any CPU.Build.0 = Debug|Any CPU
		{9E9BD7D5-197A-4E66-B778-04C4043D05F4}.Release|Any CPU.ActiveCfg = Release|Any CPU
		{9E9BD7D5-197A-4E66-B778-04C4043D05F4}.Release|Any CPU.Build.0 = Release|Any CPU
		{5A19128C-58D0-494D-8AB6-5C42AB97A5EF}.Debug|Any CPU.ActiveCfg = Debug|Any CPU
		{5A19128C-58D0-494D-8AB6-5C42AB97A5EF}.Debug|Any CPU.Build.0 = Debug|Any CPU
		{5A19128C-58D0-494D-8AB6-5C42AB97A5EF}.Release|Any CPU.ActiveCfg = Release|Any CPU
		{5A19128C-58D0-494D-8AB6-5C42AB97A5EF}.Release|Any CPU.Build.0 = Release|Any CPU
		{2F560329-09AA-409D-BD55-5877E6E7EB87}.Debug|Any CPU.ActiveCfg = Debug|Any CPU
		{2F560329-09AA-409D-BD55-5877E6E7EB87}.Debug|Any CPU.Build.0 = Debug|Any CPU
		{2F560329-09AA-409D-BD55-5877E6E7EB87}.Release|Any CPU.ActiveCfg = Release|Any CPU
		{2F560329-09AA-409D-BD55-5877E6E7EB87}.Release|Any CPU.Build.0 = Release|Any CPU
		{0D06B012-8C98-4294-8A5A-A298E72ED745}.Debug|Any CPU.ActiveCfg = Debug|Any CPU
		{0D06B012-8C98-4294-8A5A-A298E72ED745}.Debug|Any CPU.Build.0 = Debug|Any CPU
		{0D06B012-8C98-4294-8A5A-A298E72ED745}.Release|Any CPU.ActiveCfg = Release|Any CPU
		{0D06B012-8C98-4294-8A5A-A298E72ED745}.Release|Any CPU.Build.0 = Release|Any CPU
		{C73792A3-8466-4328-96A2-33FC8F2E7BAA}.Debug|Any CPU.ActiveCfg = Debug|Any CPU
		{C73792A3-8466-4328-96A2-33FC8F2E7BAA}.Debug|Any CPU.Build.0 = Debug|Any CPU
		{C73792A3-8466-4328-96A2-33FC8F2E7BAA}.Release|Any CPU.ActiveCfg = Release|Any CPU
		{C73792A3-8466-4328-96A2-33FC8F2E7BAA}.Release|Any CPU.Build.0 = Release|Any CPU
		{99F25B83-AABA-4DE5-995F-1DDE03F12E1C}.Debug|Any CPU.ActiveCfg = Debug|Any CPU
		{99F25B83-AABA-4DE5-995F-1DDE03F12E1C}.Debug|Any CPU.Build.0 = Debug|Any CPU
		{99F25B83-AABA-4DE5-995F-1DDE03F12E1C}.Release|Any CPU.ActiveCfg = Release|Any CPU
		{99F25B83-AABA-4DE5-995F-1DDE03F12E1C}.Release|Any CPU.Build.0 = Release|Any CPU
		{A6342F1B-72D9-42E5-949B-83CEE26A53F2}.Debug|Any CPU.ActiveCfg = Debug|Any CPU
		{A6342F1B-72D9-42E5-949B-83CEE26A53F2}.Debug|Any CPU.Build.0 = Debug|Any CPU
		{A6342F1B-72D9-42E5-949B-83CEE26A53F2}.Release|Any CPU.ActiveCfg = Release|Any CPU
		{A6342F1B-72D9-42E5-949B-83CEE26A53F2}.Release|Any CPU.Build.0 = Release|Any CPU
		{6D4373F0-F47C-43AB-8E23-AB8987B66A30}.Debug|Any CPU.ActiveCfg = Debug|Any CPU
		{6D4373F0-F47C-43AB-8E23-AB8987B66A30}.Debug|Any CPU.Build.0 = Debug|Any CPU
		{6D4373F0-F47C-43AB-8E23-AB8987B66A30}.Release|Any CPU.ActiveCfg = Release|Any CPU
		{6D4373F0-F47C-43AB-8E23-AB8987B66A30}.Release|Any CPU.Build.0 = Release|Any CPU
		{A4E5217B-7344-43BB-AF0A-2D49225662BF}.Debug|Any CPU.ActiveCfg = Debug|Any CPU
		{A4E5217B-7344-43BB-AF0A-2D49225662BF}.Debug|Any CPU.Build.0 = Debug|Any CPU
		{A4E5217B-7344-43BB-AF0A-2D49225662BF}.Release|Any CPU.ActiveCfg = Release|Any CPU
		{A4E5217B-7344-43BB-AF0A-2D49225662BF}.Release|Any CPU.Build.0 = Release|Any CPU
		{CB28F321-E594-4D4B-B135-E647E2DF4B54}.Debug|Any CPU.ActiveCfg = Debug|Any CPU
		{CB28F321-E594-4D4B-B135-E647E2DF4B54}.Debug|Any CPU.Build.0 = Debug|Any CPU
		{CB28F321-E594-4D4B-B135-E647E2DF4B54}.Release|Any CPU.ActiveCfg = Release|Any CPU
		{CB28F321-E594-4D4B-B135-E647E2DF4B54}.Release|Any CPU.Build.0 = Release|Any CPU
		{2BB1B0DD-EBF1-49E6-A3A1-688F9552BB24}.Debug|Any CPU.ActiveCfg = Debug|Any CPU
		{2BB1B0DD-EBF1-49E6-A3A1-688F9552BB24}.Debug|Any CPU.Build.0 = Debug|Any CPU
		{2BB1B0DD-EBF1-49E6-A3A1-688F9552BB24}.Release|Any CPU.ActiveCfg = Release|Any CPU
		{2BB1B0DD-EBF1-49E6-A3A1-688F9552BB24}.Release|Any CPU.Build.0 = Release|Any CPU
		{10E0D6FD-5F3F-456A-9924-873CD7B454F3}.Debug|Any CPU.ActiveCfg = Debug|Any CPU
		{10E0D6FD-5F3F-456A-9924-873CD7B454F3}.Debug|Any CPU.Build.0 = Debug|Any CPU
		{10E0D6FD-5F3F-456A-9924-873CD7B454F3}.Release|Any CPU.ActiveCfg = Release|Any CPU
		{10E0D6FD-5F3F-456A-9924-873CD7B454F3}.Release|Any CPU.Build.0 = Release|Any CPU
		{9A07A119-9065-40CF-ACBD-C696F57716A5}.Debug|Any CPU.ActiveCfg = Debug|Any CPU
		{9A07A119-9065-40CF-ACBD-C696F57716A5}.Debug|Any CPU.Build.0 = Debug|Any CPU
		{9A07A119-9065-40CF-ACBD-C696F57716A5}.Release|Any CPU.ActiveCfg = Release|Any CPU
		{9A07A119-9065-40CF-ACBD-C696F57716A5}.Release|Any CPU.Build.0 = Release|Any CPU
		{3B47DD6F-1C35-497F-A4B5-0431C7272511}.Debug|Any CPU.ActiveCfg = Debug|Any CPU
		{3B47DD6F-1C35-497F-A4B5-0431C7272511}.Debug|Any CPU.Build.0 = Debug|Any CPU
		{3B47DD6F-1C35-497F-A4B5-0431C7272511}.Release|Any CPU.ActiveCfg = Release|Any CPU
		{3B47DD6F-1C35-497F-A4B5-0431C7272511}.Release|Any CPU.Build.0 = Release|Any CPU
		{DD682ECC-8C6A-44D6-A6BA-D55834A23708}.Debug|Any CPU.ActiveCfg = Debug|Any CPU
		{DD682ECC-8C6A-44D6-A6BA-D55834A23708}.Debug|Any CPU.Build.0 = Debug|Any CPU
		{DD682ECC-8C6A-44D6-A6BA-D55834A23708}.Release|Any CPU.ActiveCfg = Release|Any CPU
		{DD682ECC-8C6A-44D6-A6BA-D55834A23708}.Release|Any CPU.Build.0 = Release|Any CPU
	EndGlobalSection
	GlobalSection(SolutionProperties) = preSolution
		HideSolutionNode = FALSE
	EndGlobalSection
	GlobalSection(ExtensibilityGlobals) = postSolution
		SolutionGuid = {1AFABE2C-A2F4-41DD-B417-513CA682359C}
	EndGlobalSection
EndGlobal
